
Microsoft Visual Studio Solution File, Format Version 12.00
# Visual Studio Version 16
VisualStudioVersion = 16.0.29613.14
MinimumVisualStudioVersion = 10.0.40219.1
Project("{9A19103F-16F7-4668-BE54-9A1E7A4F7556}") = "CarRentals", "CarRentals\CarRentals.csproj", "{5C910B01-6865-47C8-A8EE-985DB0A7A7AA}"
EndProject
Project("{9A19103F-16F7-4668-BE54-9A1E7A4F7556}") = "CarRentals.Common", "CarRentals.Common\CarRentals.Common.csproj", "{C8ED55D7-31C9-481E-ADAC-F6676DB9D42A}"
EndProject
Project("{9A19103F-16F7-4668-BE54-9A1E7A4F7556}") = "CarRentals.DAL", "CarRentals.DAL\CarRentals.DAL.csproj", "{DA2D4791-0DC0-47F2-9275-2CB76BA98C94}"
EndProject
Project("{9A19103F-16F7-4668-BE54-9A1E7A4F7556}") = "CarRentals.Services", "CarRentals.Services\CarRentals.Services.csproj", "{441B9F20-1CA3-4C1A-8C78-C436C69737C0}"
EndProject
Global
	GlobalSection(SolutionConfigurationPlatforms) = preSolution
		Debug|Any CPU = Debug|Any CPU
		Release|Any CPU = Release|Any CPU
	EndGlobalSection
	GlobalSection(ProjectConfigurationPlatforms) = postSolution
		{5C910B01-6865-47C8-A8EE-985DB0A7A7AA}.Debug|Any CPU.ActiveCfg = Debug|Any CPU
		{5C910B01-6865-47C8-A8EE-985DB0A7A7AA}.Debug|Any CPU.Build.0 = Debug|Any CPU
		{5C910B01-6865-47C8-A8EE-985DB0A7A7AA}.Release|Any CPU.ActiveCfg = Release|Any CPU
		{5C910B01-6865-47C8-A8EE-985DB0A7A7AA}.Release|Any CPU.Build.0 = Release|Any CPU
		{C8ED55D7-31C9-481E-ADAC-F6676DB9D42A}.Debug|Any CPU.ActiveCfg = Debug|Any CPU
		{C8ED55D7-31C9-481E-ADAC-F6676DB9D42A}.Debug|Any CPU.Build.0 = Debug|Any CPU
		{C8ED55D7-31C9-481E-ADAC-F6676DB9D42A}.Release|Any CPU.ActiveCfg = Release|Any CPU
		{C8ED55D7-31C9-481E-ADAC-F6676DB9D42A}.Release|Any CPU.Build.0 = Release|Any CPU
		{DA2D4791-0DC0-47F2-9275-2CB76BA98C94}.Debug|Any CPU.ActiveCfg = Debug|Any CPU
		{DA2D4791-0DC0-47F2-9275-2CB76BA98C94}.Debug|Any CPU.Build.0 = Debug|Any CPU
		{DA2D4791-0DC0-47F2-9275-2CB76BA98C94}.Release|Any CPU.ActiveCfg = Release|Any CPU
		{DA2D4791-0DC0-47F2-9275-2CB76BA98C94}.Release|Any CPU.Build.0 = Release|Any CPU
		{441B9F20-1CA3-4C1A-8C78-C436C69737C0}.Debug|Any CPU.ActiveCfg = Debug|Any CPU
		{441B9F20-1CA3-4C1A-8C78-C436C69737C0}.Debug|Any CPU.Build.0 = Debug|Any CPU
		{441B9F20-1CA3-4C1A-8C78-C436C69737C0}.Release|Any CPU.ActiveCfg = Release|Any CPU
		{441B9F20-1CA3-4C1A-8C78-C436C69737C0}.Release|Any CPU.Build.0 = Release|Any CPU
	EndGlobalSection
	GlobalSection(SolutionProperties) = preSolution
		HideSolutionNode = FALSE
	EndGlobalSection
	GlobalSection(ExtensibilityGlobals) = postSolution
		SolutionGuid = {C10FD7DD-AAEB-4201-86D6-A7554343CAB4}
	EndGlobalSection
EndGlobal
